
Microsoft Visual Studio Solution File, Format Version 12.00
# Visual Studio 15
Project("{FAE04EC0-301F-11D3-BF4B-00C04F79EFBC}") = "Assembly-CSharp-Editor", "Assembly-CSharp-Editor.csproj", "{2E235300-C9EE-861A-DD60-6517938A1E1F}"
EndProject
Project("{FAE04EC0-301F-11D3-BF4B-00C04F79EFBC}") = "Assembly-CSharp", "Assembly-CSharp.csproj", "{AE16D8B5-CC29-A661-825E-2CD801783470}"
EndProject
Global
	GlobalSection(SolutionConfigurationPlatforms) = preSolution
		Debug|Any CPU = Debug|Any CPU
		Release|Any CPU = Release|Any CPU
	EndGlobalSection
	GlobalSection(ProjectConfigurationPlatforms) = postSolution
		{2E235300-C9EE-861A-DD60-6517938A1E1F}.Debug|Any CPU.ActiveCfg = Debug|Any CPU
		{2E235300-C9EE-861A-DD60-6517938A1E1F}.Debug|Any CPU.Build.0 = Debug|Any CPU
		{2E235300-C9EE-861A-DD60-6517938A1E1F}.Release|Any CPU.ActiveCfg = Release|Any CPU
		{2E235300-C9EE-861A-DD60-6517938A1E1F}.Release|Any CPU.Build.0 = Release|Any CPU
		{AE16D8B5-CC29-A661-825E-2CD801783470}.Debug|Any CPU.ActiveCfg = Debug|Any CPU
		{AE16D8B5-CC29-A661-825E-2CD801783470}.Debug|Any CPU.Build.0 = Debug|Any CPU
		{AE16D8B5-CC29-A661-825E-2CD801783470}.Release|Any CPU.ActiveCfg = Release|Any CPU
		{AE16D8B5-CC29-A661-825E-2CD801783470}.Release|Any CPU.Build.0 = Release|Any CPU
	EndGlobalSection
	GlobalSection(SolutionProperties) = preSolution
		HideSolutionNode = FALSE
	EndGlobalSection
EndGlobal
